
Microsoft Visual Studio Solution File, Format Version 12.00
# Visual Studio Version 18
Project("{8BC9CEB8-8B4A-11D0-8D11-00A0C91BC942}") = "ALL_BUILD", "ALL_BUILD.vcxproj", "{03C17915-07EE-3040-9364-4182D53B9279}"
	ProjectSection(ProjectDependencies) = postProject
		{852FB492-5EC5-33D2-AB1C-23753BD0DA1B} = {852FB492-5EC5-33D2-AB1C-23753BD0DA1B}
		{354C0979-70FC-3AEC-A0E1-1B459C77ADB4} = {354C0979-70FC-3AEC-A0E1-1B459C77ADB4}
		{72D7A4B6-1195-3313-897C-6999B1913D2B} = {72D7A4B6-1195-3313-897C-6999B1913D2B}
		{147DF840-8A06-358D-A7A4-04B5DF411BCE} = {147DF840-8A06-358D-A7A4-04B5DF411BCE}
	EndProjectSection
EndProject
Project("{8BC9CEB8-8B4A-11D0-8D11-00A0C91BC942}") = "INSTALL", "INSTALL.vcxproj", "{A3557852-18F7-3507-91AB-29D8794D9D1B}"
	ProjectSection(ProjectDependencies) = postProject
		{03C17915-07EE-3040-9364-4182D53B9279} = {03C17915-07EE-3040-9364-4182D53B9279}
		{852FB492-5EC5-33D2-AB1C-23753BD0DA1B} = {852FB492-5EC5-33D2-AB1C-23753BD0DA1B}
	EndProjectSection
EndProject
Project("{8BC9CEB8-8B4A-11D0-8D11-00A0C91BC942}") = "ZERO_CHECK", "ZERO_CHECK.vcxproj", "{852FB492-5EC5-33D2-AB1C-23753BD0DA1B}"
	ProjectSection(ProjectDependencies) = postProject
	EndProjectSection
EndProject
Project("{8BC9CEB8-8B4A-11D0-8D11-00A0C91BC942}") = "assingment6", "runner\assingment6.vcxproj", "{354C0979-70FC-3AEC-A0E1-1B459C77ADB4}"
	ProjectSection(ProjectDependencies) = postProject
		{852FB492-5EC5-33D2-AB1C-23753BD0DA1B} = {852FB492-5EC5-33D2-AB1C-23753BD0DA1B}
		{1F947DD7-8182-37B4-B9BF-7EEBC24ED981} = {1F947DD7-8182-37B4-B9BF-7EEBC24ED981}
		{72D7A4B6-1195-3313-897C-6999B1913D2B} = {72D7A4B6-1195-3313-897C-6999B1913D2B}
	EndProjectSection
EndProject
Project("{8BC9CEB8-8B4A-11D0-8D11-00A0C91BC942}") = "flutter_assemble", "flutter\flutter_assemble.vcxproj", "{1F947DD7-8182-37B4-B9BF-7EEBC24ED981}"
	ProjectSection(ProjectDependencies) = postProject
		{852FB492-5EC5-33D2-AB1C-23753BD0DA1B} = {852FB492-5EC5-33D2-AB1C-23753BD0DA1B}
	EndProjectSection
EndProject
Project("{8BC9CEB8-8B4A-11D0-8D11-00A0C91BC942}") = "flutter_wrapper_app", "flutter\flutter_wrapper_app.vcxproj", "{72D7A4B6-1195-3313-897C-6999B1913D2B}"
	ProjectSection(ProjectDependencies) = postProject
		{852FB492-5EC5-33D2-AB1C-23753BD0DA1B} = {852FB492-5EC5-33D2-AB1C-23753BD0DA1B}
		{1F947DD7-8182-37B4-B9BF-7EEBC24ED981} = {1F947DD7-8182-37B4-B9BF-7EEBC24ED981}
	EndProjectSection
EndProject
Project("{8BC9CEB8-8B4A-11D0-8D11-00A0C91BC942}") = "flutter_wrapper_plugin", "flutter\flutter_wrapper_plugin.vcxproj", "{147DF840-8A06-358D-A7A4-04B5DF411BCE}"
	ProjectSection(ProjectDependencies) = postProject
		{852FB492-5EC5-33D2-AB1C-23753BD0DA1B} = {852FB492-5EC5-33D2-AB1C-23753BD0DA1B}
		{1F947DD7-8182-37B4-B9BF-7EEBC24ED981} = {1F947DD7-8182-37B4-B9BF-7EEBC24ED981}
	EndProjectSection
EndProject
Global
	GlobalSection(SolutionConfigurationPlatforms) = preSolution
		Debug|x64 = Debug|x64
		Profile|x64 = Profile|x64
		Release|x64 = Release|x64
	EndGlobalSection
	GlobalSection(ProjectConfigurationPlatforms) = postSolution
		{03C17915-07EE-3040-9364-4182D53B9279}.Debug|x64.ActiveCfg = Debug|x64
		{03C17915-07EE-3040-9364-4182D53B9279}.Debug|x64.Build.0 = Debug|x64
		{03C17915-07EE-3040-9364-4182D53B9279}.Profile|x64.ActiveCfg = Profile|x64
		{03C17915-07EE-3040-9364-4182D53B9279}.Profile|x64.Build.0 = Profile|x64
		{03C17915-07EE-3040-9364-4182D53B9279}.Release|x64.ActiveCfg = Release|x64
		{03C17915-07EE-3040-9364-4182D53B9279}.Release|x64.Build.0 = Release|x64
		{A3557852-18F7-3507-91AB-29D8794D9D1B}.Debug|x64.ActiveCfg = Debug|x64
		{A3557852-18F7-3507-91AB-29D8794D9D1B}.Debug|x64.Build.0 = Debug|x64
		{A3557852-18F7-3507-91AB-29D8794D9D1B}.Profile|x64.ActiveCfg = Profile|x64
		{A3557852-18F7-3507-91AB-29D8794D9D1B}.Profile|x64.Build.0 = Profile|x64
		{A3557852-18F7-3507-91AB-29D8794D9D1B}.Release|x64.ActiveCfg = Release|x64
		{A3557852-18F7-3507-91AB-29D8794D9D1B}.Release|x64.Build.0 = Release|x64
		{852FB492-5EC5-33D2-AB1C-23753BD0DA1B}.Debug|x64.ActiveCfg = Debug|x64
		{852FB492-5EC5-33D2-AB1C-23753BD0DA1B}.Debug|x64.Build.0 = Debug|x64
		{852FB492-5EC5-33D2-AB1C-23753BD0DA1B}.Profile|x64.ActiveCfg = Profile|x64
		{852FB492-5EC5-33D2-AB1C-23753BD0DA1B}.Profile|x64.Build.0 = Profile|x64
		{852FB492-5EC5-33D2-AB1C-23753BD0DA1B}.Release|x64.ActiveCfg = Release|x64
		{852FB492-5EC5-33D2-AB1C-23753BD0DA1B}.Release|x64.Build.0 = Release|x64
		{354C0979-70FC-3AEC-A0E1-1B459C77ADB4}.Debug|x64.ActiveCfg = Debug|x64
		{354C0979-70FC-3AEC-A0E1-1B459C77ADB4}.Debug|x64.Build.0 = Debug|x64
		{354C0979-70FC-3AEC-A0E1-1B459C77ADB4}.Profile|x64.ActiveCfg = Profile|x64
		{354C0979-70FC-3AEC-A0E1-1B459C77ADB4}.Profile|x64.Build.0 = Profile|x64
		{354C0979-70FC-3AEC-A0E1-1B459C77ADB4}.Release|x64.ActiveCfg = Release|x64
		{354C0979-70FC-3AEC-A0E1-1B459C77ADB4}.Release|x64.Build.0 = Release|x64
		{1F947DD7-8182-37B4-B9BF-7EEBC24ED981}.Debug|x64.ActiveCfg = Debug|x64
		{1F947DD7-8182-37B4-B9BF-7EEBC24ED981}.Debug|x64.Build.0 = Debug|x64
		{1F947DD7-8182-37B4-B9BF-7EEBC24ED981}.Profile|x64.ActiveCfg = Profile|x64
		{1F947DD7-8182-37B4-B9BF-7EEBC24ED981}.Profile|x64.Build.0 = Profile|x64
		{1F947DD7-8182-37B4-B9BF-7EEBC24ED981}.Release|x64.ActiveCfg = Release|x64
		{1F947DD7-8182-37B4-B9BF-7EEBC24ED981}.Release|x64.Build.0 = Release|x64
		{72D7A4B6-1195-3313-897C-6999B1913D2B}.Debug|x64.ActiveCfg = Debug|x64
		{72D7A4B6-1195-3313-897C-6999B1913D2B}.Debug|x64.Build.0 = Debug|x64
		{72D7A4B6-1195-3313-897C-6999B1913D2B}.Profile|x64.ActiveCfg = Profile|x64
		{72D7A4B6-1195-3313-897C-6999B1913D2B}.Profile|x64.Build.0 = Profile|x64
		{72D7A4B6-1195-3313-897C-6999B1913D2B}.Release|x64.ActiveCfg = Release|x64
		{72D7A4B6-1195-3313-897C-6999B1913D2B}.Release|x64.Build.0 = Release|x64
		{147DF840-8A06-358D-A7A4-04B5DF411BCE}.Debug|x64.ActiveCfg = Debug|x64
		{147DF840-8A06-358D-A7A4-04B5DF411BCE}.Debug|x64.Build.0 = Debug|x64
		{147DF840-8A06-358D-A7A4-04B5DF411BCE}.Profile|x64.ActiveCfg = Profile|x64
		{147DF840-8A06-358D-A7A4-04B5DF411BCE}.Profile|x64.Build.0 = Profile|x64
		{147DF840-8A06-358D-A7A4-04B5DF411BCE}.Release|x64.ActiveCfg = Release|x64
		{147DF840-8A06-358D-A7A4-04B5DF411BCE}.Release|x64.Build.0 = Release|x64
	EndGlobalSection
	GlobalSection(ExtensibilityGlobals) = postSolution
		SolutionGuid = {B4F18FAA-004C-34D6-92C3-491437E091FA}
	EndGlobalSection
	GlobalSection(ExtensibilityAddIns) = postSolution
	EndGlobalSection
EndGlobal
